
Microsoft Visual Studio Solution File, Format Version 12.00
# Visual Studio Version 16
VisualStudioVersion = 16.0.29009.5
MinimumVisualStudioVersion = 10.0.40219.1
Project("{FAE04EC0-301F-11D3-BF4B-00C04F79EFBC}") = "AbstractFactory", "AbstractFactory\AbstractFactory.csproj", "{C08C2E92-A786-40F7-B3D9-D0DDB7588623}"
EndProject
Project("{FAE04EC0-301F-11D3-BF4B-00C04F79EFBC}") = "AbstractFactory.Net", "AbstractFactory.Net\AbstractFactory.Net.csproj", "{0BBA05CB-4009-40E4-B753-99EB0EBC50F1}"
EndProject
Project("{FAE04EC0-301F-11D3-BF4B-00C04F79EFBC}") = "Builder", "Builder\Builder.csproj", "{29AA6E57-AD05-4ED3-948A-E67357CE2437}"
EndProject
Project("{FAE04EC0-301F-11D3-BF4B-00C04F79EFBC}") = "FactoryMethod", "FactoryMethod\FactoryMethod.csproj", "{E845E79C-1DA8-4756-B027-3E213DA792FF}"
EndProject
Project("{FAE04EC0-301F-11D3-BF4B-00C04F79EFBC}") = "Prototype", "Prototype\Prototype.csproj", "{32762402-15AB-4925-A724-927C2A10375C}"
EndProject
Project("{FAE04EC0-301F-11D3-BF4B-00C04F79EFBC}") = "Singleton", "Singleton\Singleton.csproj", "{B1FB97B5-3618-4CE3-ACC9-A9B7B5E5A746}"
EndProject
Global
	GlobalSection(SolutionConfigurationPlatforms) = preSolution
		Debug|Any CPU = Debug|Any CPU
		Release|Any CPU = Release|Any CPU
	EndGlobalSection
	GlobalSection(ProjectConfigurationPlatforms) = postSolution
		{C08C2E92-A786-40F7-B3D9-D0DDB7588623}.Debug|Any CPU.ActiveCfg = Debug|Any CPU
		{C08C2E92-A786-40F7-B3D9-D0DDB7588623}.Debug|Any CPU.Build.0 = Debug|Any CPU
		{C08C2E92-A786-40F7-B3D9-D0DDB7588623}.Release|Any CPU.ActiveCfg = Release|Any CPU
		{C08C2E92-A786-40F7-B3D9-D0DDB7588623}.Release|Any CPU.Build.0 = Release|Any CPU
		{0BBA05CB-4009-40E4-B753-99EB0EBC50F1}.Debug|Any CPU.ActiveCfg = Debug|Any CPU
		{0BBA05CB-4009-40E4-B753-99EB0EBC50F1}.Debug|Any CPU.Build.0 = Debug|Any CPU
		{0BBA05CB-4009-40E4-B753-99EB0EBC50F1}.Release|Any CPU.ActiveCfg = Release|Any CPU
		{0BBA05CB-4009-40E4-B753-99EB0EBC50F1}.Release|Any CPU.Build.0 = Release|Any CPU
		{29AA6E57-AD05-4ED3-948A-E67357CE2437}.Debug|Any CPU.ActiveCfg = Debug|Any CPU
		{29AA6E57-AD05-4ED3-948A-E67357CE2437}.Debug|Any CPU.Build.0 = Debug|Any CPU
		{29AA6E57-AD05-4ED3-948A-E67357CE2437}.Release|Any CPU.ActiveCfg = Release|Any CPU
		{29AA6E57-AD05-4ED3-948A-E67357CE2437}.Release|Any CPU.Build.0 = Release|Any CPU
		{E845E79C-1DA8-4756-B027-3E213DA792FF}.Debug|Any CPU.ActiveCfg = Debug|Any CPU
		{E845E79C-1DA8-4756-B027-3E213DA792FF}.Debug|Any CPU.Build.0 = Debug|Any CPU
		{E845E79C-1DA8-4756-B027-3E213DA792FF}.Release|Any CPU.ActiveCfg = Release|Any CPU
		{E845E79C-1DA8-4756-B027-3E213DA792FF}.Release|Any CPU.Build.0 = Release|Any CPU
		{32762402-15AB-4925-A724-927C2A10375C}.Debug|Any CPU.ActiveCfg = Debug|Any CPU
		{32762402-15AB-4925-A724-927C2A10375C}.Debug|Any CPU.Build.0 = Debug|Any CPU
		{32762402-15AB-4925-A724-927C2A10375C}.Release|Any CPU.ActiveCfg = Release|Any CPU
		{32762402-15AB-4925-A724-927C2A10375C}.Release|Any CPU.Build.0 = Release|Any CPU
		{B1FB97B5-3618-4CE3-ACC9-A9B7B5E5A746}.Debug|Any CPU.ActiveCfg = Debug|Any CPU
		{B1FB97B5-3618-4CE3-ACC9-A9B7B5E5A746}.Debug|Any CPU.Build.0 = Debug|Any CPU
		{B1FB97B5-3618-4CE3-ACC9-A9B7B5E5A746}.Release|Any CPU.ActiveCfg = Release|Any CPU
		{B1FB97B5-3618-4CE3-ACC9-A9B7B5E5A746}.Release|Any CPU.Build.0 = Release|Any CPU
	EndGlobalSection
	GlobalSection(SolutionProperties) = preSolution
		HideSolutionNode = FALSE
	EndGlobalSection
	GlobalSection(ExtensibilityGlobals) = postSolution
		SolutionGuid = {5F61E091-E9A0-4CE2-BEC4-C102E0ABDE83}
	EndGlobalSection
EndGlobal
